
Microsoft Visual Studio Solution File, Format Version 12.00
# Visual Studio Version 17
VisualStudioVersion = 17.14.37012.4
MinimumVisualStudioVersion = 10.0.40219.1
Project("{FAE04EC0-301F-11D3-BF4B-00C04F79EFBC}") = "SE3-C", "SE3-C\SE3-C.csproj", "{BA2F777C-F265-4E44-9547-13B255BFC999}"
EndProject
Project("{888888A0-9F3D-457C-B088-3A5042F75D52}") = "SE3-P", "SE3-P\SE3-P.pyproj", "{9E48A79C-B7D7-4FB3-9F5A-33DC15C005A6}"
EndProject
Project("{FAE04EC0-301F-11D3-BF4B-00C04F79EFBC}") = "SEM4-C", "SEM4-C\SEM4-C.csproj", "{3E5AAECA-BEF0-4104-A9C0-75D051965B56}"
EndProject
Project("{888888A0-9F3D-457C-B088-3A5042F75D52}") = "SE4-P", "SE4-P\SE4-P.pyproj", "{C923370D-348E-4BB1-908A-4D22A4170132}"
EndProject
Project("{FAE04EC0-301F-11D3-BF4B-00C04F79EFBC}") = "SEM5-C", "SEM5-C\SEM5-C.csproj", "{EA96552A-41EE-4038-97DC-B10580E52954}"
EndProject
Project("{888888A0-9F3D-457C-B088-3A5042F75D52}") = "SE5-P", "SE5-P\SE5-P.pyproj", "{50B7A84A-91C3-419D-9128-CCCE62C01F28}"
EndProject
Project("{888888A0-9F3D-457C-B088-3A5042F75D52}") = "SE6-P", "SE6-P\SE6-P.pyproj", "{B0A1F5E7-89B7-4ABC-9278-1FFA10A2387D}"
EndProject
Project("{FAE04EC0-301F-11D3-BF4B-00C04F79EFBC}") = "SE7-C", "SE7-C\SE7-C.csproj", "{5FA5D097-AEC1-425A-9E87-F378509899AF}"
EndProject
Project("{888888A0-9F3D-457C-B088-3A5042F75D52}") = "SE8-P", "SE8-P\SE8-P.pyproj", "{A10AF07C-B812-4CE3-A09C-48E1D239D8C3}"
EndProject
Project("{FAE04EC0-301F-11D3-BF4B-00C04F79EFBC}") = "SE9-C", "SE9-C\SE9-C.csproj", "{E7256B4F-B362-4600-9855-C61A15D0B6C3}"
EndProject
Project("{FAE04EC0-301F-11D3-BF4B-00C04F79EFBC}") = "Biblioteca", "Biblioteca\Biblioteca.csproj", "{8C1B1B89-8E3D-45E0-A350-1887F9F2B98F}"
EndProject
Project("{888888A0-9F3D-457C-B088-3A5042F75D52}") = "SE10-P", "SE10-P\SE10-P.pyproj", "{6A82EE18-D09B-409F-86C5-A5AB9E4AC098}"
EndProject
Project("{FAE04EC0-301F-11D3-BF4B-00C04F79EFBC}") = "SE11-C", "SE11-C\SE11-C.csproj", "{4FEB4151-D458-4402-A54C-DA354C309BD6}"
EndProject
Project("{FAE04EC0-301F-11D3-BF4B-00C04F79EFBC}") = "SE12-C", "SE12-C\SE12-C.csproj", "{22569D78-3284-4173-BDD9-66B1B676C511}"
EndProject
Project("{FAE04EC0-301F-11D3-BF4B-00C04F79EFBC}") = "SE13-C", "SE13-C\SE13-C.csproj", "{033DCEDE-10A7-425C-AA51-70C3E19F341A}"
EndProject
Project("{FAE04EC0-301F-11D3-BF4B-00C04F79EFBC}") = "SE14-C", "SE14-C\SE14-C.csproj", "{1D5477BC-1404-4CF5-A910-D40428610F91}"
EndProject
Project("{FAE04EC0-301F-11D3-BF4B-00C04F79EFBC}") = "SE15-C", "SE15-C\SE15-C.csproj", "{26B082B4-6797-4336-B3AC-D4B40B4453AD}"
EndProject
Global
	GlobalSection(SolutionConfigurationPlatforms) = preSolution
		Debug|Any CPU = Debug|Any CPU
		Release|Any CPU = Release|Any CPU
	EndGlobalSection
	GlobalSection(ProjectConfigurationPlatforms) = postSolution
		{BA2F777C-F265-4E44-9547-13B255BFC999}.Debug|Any CPU.ActiveCfg = Debug|Any CPU
		{BA2F777C-F265-4E44-9547-13B255BFC999}.Debug|Any CPU.Build.0 = Debug|Any CPU
		{BA2F777C-F265-4E44-9547-13B255BFC999}.Release|Any CPU.ActiveCfg = Release|Any CPU
		{BA2F777C-F265-4E44-9547-13B255BFC999}.Release|Any CPU.Build.0 = Release|Any CPU
		{9E48A79C-B7D7-4FB3-9F5A-33DC15C005A6}.Debug|Any CPU.ActiveCfg = Debug|Any CPU
		{9E48A79C-B7D7-4FB3-9F5A-33DC15C005A6}.Release|Any CPU.ActiveCfg = Release|Any CPU
		{3E5AAECA-BEF0-4104-A9C0-75D051965B56}.Debug|Any CPU.ActiveCfg = Debug|Any CPU
		{3E5AAECA-BEF0-4104-A9C0-75D051965B56}.Debug|Any CPU.Build.0 = Debug|Any CPU
		{3E5AAECA-BEF0-4104-A9C0-75D051965B56}.Release|Any CPU.ActiveCfg = Release|Any CPU
		{3E5AAECA-BEF0-4104-A9C0-75D051965B56}.Release|Any CPU.Build.0 = Release|Any CPU
		{C923370D-348E-4BB1-908A-4D22A4170132}.Debug|Any CPU.ActiveCfg = Debug|Any CPU
		{C923370D-348E-4BB1-908A-4D22A4170132}.Release|Any CPU.ActiveCfg = Release|Any CPU
		{EA96552A-41EE-4038-97DC-B10580E52954}.Debug|Any CPU.ActiveCfg = Debug|Any CPU
		{EA96552A-41EE-4038-97DC-B10580E52954}.Debug|Any CPU.Build.0 = Debug|Any CPU
		{EA96552A-41EE-4038-97DC-B10580E52954}.Release|Any CPU.ActiveCfg = Release|Any CPU
		{EA96552A-41EE-4038-97DC-B10580E52954}.Release|Any CPU.Build.0 = Release|Any CPU
		{50B7A84A-91C3-419D-9128-CCCE62C01F28}.Debug|Any CPU.ActiveCfg = Debug|Any CPU
		{50B7A84A-91C3-419D-9128-CCCE62C01F28}.Release|Any CPU.ActiveCfg = Release|Any CPU
		{B0A1F5E7-89B7-4ABC-9278-1FFA10A2387D}.Debug|Any CPU.ActiveCfg = Debug|Any CPU
		{B0A1F5E7-89B7-4ABC-9278-1FFA10A2387D}.Release|Any CPU.ActiveCfg = Release|Any CPU
		{5FA5D097-AEC1-425A-9E87-F378509899AF}.Debug|Any CPU.ActiveCfg = Debug|Any CPU
		{5FA5D097-AEC1-425A-9E87-F378509899AF}.Debug|Any CPU.Build.0 = Debug|Any CPU
		{5FA5D097-AEC1-425A-9E87-F378509899AF}.Release|Any CPU.ActiveCfg = Release|Any CPU
		{5FA5D097-AEC1-425A-9E87-F378509899AF}.Release|Any CPU.Build.0 = Release|Any CPU
		{A10AF07C-B812-4CE3-A09C-48E1D239D8C3}.Debug|Any CPU.ActiveCfg = Debug|Any CPU
		{A10AF07C-B812-4CE3-A09C-48E1D239D8C3}.Release|Any CPU.ActiveCfg = Release|Any CPU
		{E7256B4F-B362-4600-9855-C61A15D0B6C3}.Debug|Any CPU.ActiveCfg = Debug|Any CPU
		{E7256B4F-B362-4600-9855-C61A15D0B6C3}.Debug|Any CPU.Build.0 = Debug|Any CPU
		{E7256B4F-B362-4600-9855-C61A15D0B6C3}.Release|Any CPU.ActiveCfg = Release|Any CPU
		{E7256B4F-B362-4600-9855-C61A15D0B6C3}.Release|Any CPU.Build.0 = Release|Any CPU
		{8C1B1B89-8E3D-45E0-A350-1887F9F2B98F}.Debug|Any CPU.ActiveCfg = Debug|Any CPU
		{8C1B1B89-8E3D-45E0-A350-1887F9F2B98F}.Debug|Any CPU.Build.0 = Debug|Any CPU
		{8C1B1B89-8E3D-45E0-A350-1887F9F2B98F}.Release|Any CPU.ActiveCfg = Release|Any CPU
		{8C1B1B89-8E3D-45E0-A350-1887F9F2B98F}.Release|Any CPU.Build.0 = Release|Any CPU
		{6A82EE18-D09B-409F-86C5-A5AB9E4AC098}.Debug|Any CPU.ActiveCfg = Debug|Any CPU
		{6A82EE18-D09B-409F-86C5-A5AB9E4AC098}.Release|Any CPU.ActiveCfg = Release|Any CPU
		{4FEB4151-D458-4402-A54C-DA354C309BD6}.Debug|Any CPU.ActiveCfg = Debug|Any CPU
		{4FEB4151-D458-4402-A54C-DA354C309BD6}.Debug|Any CPU.Build.0 = Debug|Any CPU
		{4FEB4151-D458-4402-A54C-DA354C309BD6}.Release|Any CPU.ActiveCfg = Release|Any CPU
		{4FEB4151-D458-4402-A54C-DA354C309BD6}.Release|Any CPU.Build.0 = Release|Any CPU
		{22569D78-3284-4173-BDD9-66B1B676C511}.Debug|Any CPU.ActiveCfg = Debug|Any CPU
		{22569D78-3284-4173-BDD9-66B1B676C511}.Debug|Any CPU.Build.0 = Debug|Any CPU
		{22569D78-3284-4173-BDD9-66B1B676C511}.Release|Any CPU.ActiveCfg = Release|Any CPU
		{22569D78-3284-4173-BDD9-66B1B676C511}.Release|Any CPU.Build.0 = Release|Any CPU
		{033DCEDE-10A7-425C-AA51-70C3E19F341A}.Debug|Any CPU.ActiveCfg = Debug|Any CPU
		{033DCEDE-10A7-425C-AA51-70C3E19F341A}.Debug|Any CPU.Build.0 = Debug|Any CPU
		{033DCEDE-10A7-425C-AA51-70C3E19F341A}.Release|Any CPU.ActiveCfg = Release|Any CPU
		{033DCEDE-10A7-425C-AA51-70C3E19F341A}.Release|Any CPU.Build.0 = Release|Any CPU
		{1D5477BC-1404-4CF5-A910-D40428610F91}.Debug|Any CPU.ActiveCfg = Debug|Any CPU
		{1D5477BC-1404-4CF5-A910-D40428610F91}.Debug|Any CPU.Build.0 = Debug|Any CPU
		{1D5477BC-1404-4CF5-A910-D40428610F91}.Release|Any CPU.ActiveCfg = Release|Any CPU
		{1D5477BC-1404-4CF5-A910-D40428610F91}.Release|Any CPU.Build.0 = Release|Any CPU
		{26B082B4-6797-4336-B3AC-D4B40B4453AD}.Debug|Any CPU.ActiveCfg = Debug|Any CPU
		{26B082B4-6797-4336-B3AC-D4B40B4453AD}.Debug|Any CPU.Build.0 = Debug|Any CPU
		{26B082B4-6797-4336-B3AC-D4B40B4453AD}.Release|Any CPU.ActiveCfg = Release|Any CPU
		{26B082B4-6797-4336-B3AC-D4B40B4453AD}.Release|Any CPU.Build.0 = Release|Any CPU
	EndGlobalSection
	GlobalSection(SolutionProperties) = preSolution
		HideSolutionNode = FALSE
	EndGlobalSection
	GlobalSection(ExtensibilityGlobals) = postSolution
		SolutionGuid = {0AAB4635-740A-4473-A2A2-F9EF244FC30B}
	EndGlobalSection
EndGlobal
